# appenv-requirements-hash: fd7929ae9ed236cc91c594c708e35e980e618a741435e6e0008c5b25ec965d7a
-e .[test,doc]
Pygments==2.19.1
anyio==4.8.0
certifi==2025.1.31
charset-normalizer==3.4.1
coverage==7.6.10
exceptiongroup==1.2.2
execnet==2.1.1
flake8==3.9.2
h11==0.14.0
httpcore==1.0.7
httpx==0.28.1
idna==3.10
iniconfig==2.0.0
markdown-it-py==3.0.0
mccabe==0.6.1
mdurl==0.1.2
mock==5.1.0
packaging==24.2
pluggy==1.5.0
pycodestyle==2.7.0
pyflakes==2.3.1
pytest-asyncio==0.25.3
pytest-cache==1.0
pytest-cov==6.0.0
pytest-flake8==1.1.0
pytest-rerunfailures==15.0
pytest-sugar==1.0.0
pytest==8.3.4
requests==2.32.3
rich==13.9.4
sniffio==1.3.1
structlog==25.1.0
termcolor==2.5.0
tomli==2.2.1
typing_extensions==4.12.2
urllib3==2.3.0
