# appenv-requirements-hash: 0cb8965163158d4b2e1ed37f9c767cf92916d0212818823a8b8707ffabe683fb
-e .[test,doc,opentelemetry]
Pygments==2.20.0
annotated-doc==0.0.5
annotated-types==0.8.0
anyio==4.14.2
certifi==2026.7.22
charset-normalizer==3.5.1
click==8.4.2
coverage==7.15.4
execnet==2.1.2
fastapi==0.141.1
h11==0.16.0
httpcore==1.0.9
httpx==0.28.1
idna==3.18
iniconfig==2.3.0
mock==5.2.0
opentelemetry-api==1.44.0
packaging==26.3
pluggy==1.6.0
pydantic==2.13.4
pydantic_core==2.46.4
pytest-asyncio==1.4.0
pytest-cache==1.0
pytest-cov==7.1.0
pytest-rerunfailures==16.5
pytest-sugar==1.1.1
pytest==9.1.1
requests==2.34.2
ruff==0.16.3
setuptools==84.0.0
stamina==26.1.0
starlette==1.6.0
structlog==26.1.0
tenacity==9.1.4
termcolor==3.3.0
typing-inspection==0.4.4
typing_extensions==4.16.0
urllib3==2.7.0
uvicorn==0.52.3
wheel==0.48.0
