# appenv-requirements-hash: 3a83946e82a09b803e43458a335942fe8c1307f9f60ba7845b4ac5435b14d59d
-e .[test,doc]
Pygments==2.19.2
anyio==4.11.0
certifi==2025.10.5
charset-normalizer==3.4.4
coverage==7.10.7
execnet==2.1.1
flake8==3.9.2
h11==0.16.0
httpcore==1.0.9
httpx==0.28.1
idna==3.11
iniconfig==2.1.0
mccabe==0.6.1
mock==5.2.0
packaging==25.0
pluggy==1.6.0
pycodestyle==2.7.0
pyflakes==2.3.1
pytest-asyncio==1.2.0
pytest-cache==1.0
pytest-cov==7.0.0
pytest-flake8==1.1.0
pytest-rerunfailures==16.1
pytest-sugar==1.1.1
pytest==8.4.2
requests==2.32.5
sniffio==1.3.1
structlog==25.4.0
termcolor==3.1.0
typing_extensions==4.15.0
urllib3==2.5.0
